
Microsoft Visual Studio Solution File, Format Version 12.00
# Visual Studio Version 17
VisualStudioVersion = 17.5.33502.453
MinimumVisualStudioVersion = 10.0.40219.1
Project("{FAE04EC0-301F-11D3-BF4B-00C04F79EFBC}") = "Api", "Api\Api.csproj", "{7FA27C82-A76F-4C58-B224-FD04C5845AE4}"
EndProject
Project("{FAE04EC0-301F-11D3-BF4B-00C04F79EFBC}") = "Lib", "Lib\Lib.csproj", "{3A0A2198-E911-49F8-9F1B-DF6B7D092FFE}"
EndProject
Project("{FAE04EC0-301F-11D3-BF4B-00C04F79EFBC}") = "Test", "Test\Test.csproj", "{D64B1FE9-B6E1-4C3B-B86E-76A99F1B6D85}"
EndProject
Global
	GlobalSection(SolutionConfigurationPlatforms) = preSolution
		Debug|Any CPU = Debug|Any CPU
		Release|Any CPU = Release|Any CPU
	EndGlobalSection
	GlobalSection(ProjectConfigurationPlatforms) = postSolution
		{7FA27C82-A76F-4C58-B224-FD04C5845AE4}.Debug|Any CPU.ActiveCfg = Debug|Any CPU
		{7FA27C82-A76F-4C58-B224-FD04C5845AE4}.Debug|Any CPU.Build.0 = Debug|Any CPU
		{7FA27C82-A76F-4C58-B224-FD04C5845AE4}.Release|Any CPU.ActiveCfg = Release|Any CPU
		{7FA27C82-A76F-4C58-B224-FD04C5845AE4}.Release|Any CPU.Build.0 = Release|Any CPU
		{3A0A2198-E911-49F8-9F1B-DF6B7D092FFE}.Debug|Any CPU.ActiveCfg = Debug|Any CPU
		{3A0A2198-E911-49F8-9F1B-DF6B7D092FFE}.Debug|Any CPU.Build.0 = Debug|Any CPU
		{3A0A2198-E911-49F8-9F1B-DF6B7D092FFE}.Release|Any CPU.ActiveCfg = Release|Any CPU
		{3A0A2198-E911-49F8-9F1B-DF6B7D092FFE}.Release|Any CPU.Build.0 = Release|Any CPU
		{D64B1FE9-B6E1-4C3B-B86E-76A99F1B6D85}.Debug|Any CPU.ActiveCfg = Debug|Any CPU
		{D64B1FE9-B6E1-4C3B-B86E-76A99F1B6D85}.Debug|Any CPU.Build.0 = Debug|Any CPU
		{D64B1FE9-B6E1-4C3B-B86E-76A99F1B6D85}.Release|Any CPU.ActiveCfg = Release|Any CPU
		{D64B1FE9-B6E1-4C3B-B86E-76A99F1B6D85}.Release|Any CPU.Build.0 = Release|Any CPU
	EndGlobalSection
	GlobalSection(SolutionProperties) = preSolution
		HideSolutionNode = FALSE
	EndGlobalSection
	GlobalSection(ExtensibilityGlobals) = postSolution
		SolutionGuid = {EFEE0E99-AAEB-4421-B77E-DC2701F65E53}
	EndGlobalSection
EndGlobal
